// !$*UTF8*$!
{
	archiveVersion = 1;
	classes = {
	};
	objectVersion = 55;
	objects = {

/* Begin PBXBuildFile section */
		0FD062A228358AD1007E7371 /* Tests_iOS.swift in Sources */ = {isa = PBXBuildFile; fileRef = 0FD062A128358AD1007E7371 /* Tests_iOS.swift */; };
		0FD062A428358AD1007E7371 /* Tests_iOSLaunchTests.swift in Sources */ = {isa = PBXBuildFile; fileRef = 0FD062A328358AD1007E7371 /* Tests_iOSLaunchTests.swift */; };
		0FD062AE28358AD1007E7371 /* Tests_macOS.swift in Sources */ = {isa = PBXBuildFile; fileRef = 0FD062AD28358AD1007E7371 /* Tests_macOS.swift */; };
		0FD062B028358AD1007E7371 /* Tests_macOSLaunchTests.swift in Sources */ = {isa = PBXBuildFile; fileRef = 0FD062AF28358AD1007E7371 /* Tests_macOSLaunchTests.swift */; };
		0FD062B128358AD1007E7371 /* demoApp.swift in Sources */ = {isa = PBXBuildFile; fileRef = 0FD0628928358ACE007E7371 /* demoApp.swift */; };
		0FD062B228358AD1007E7371 /* demoApp.swift in Sources */ = {isa = PBXBuildFile; fileRef = 0FD0628928358ACE007E7371 /* demoApp.swift */; };
		0FD062B328358AD1007E7371 /* ContentView.swift in Sources */ = {isa = PBXBuildFile; fileRef = 0FD0628A28358ACE007E7371 /* ContentView.swift */; };
		0FD062B428358AD1007E7371 /* ContentView.swift in Sources */ = {isa = PBXBuildFile; fileRef = 0FD0628A28358ACE007E7371 /* ContentView.swift */; };
		0FD062B528358AD1007E7371 /* Assets.xcassets in Resources */ = {isa = PBXBuildFile; fileRef = 0FD0628B28358AD1007E7371 /* Assets.xcassets */; };
		0FD062B628358AD1007E7371 /* Assets.xcassets in Resources */ = {isa = PBXBuildFile; fileRef = 0FD0628B28358AD1007E7371 /* Assets.xcassets */; };
/* End PBXBuildFile section */

/* Begin PBXContainerItemProxy section */
		0FD0629E28358AD1007E7371 /* PBXContainerItemProxy */ = {
			isa = PBXContainerItemProxy;
			containerPortal = 0FD0628428358ACE007E7371 /* Project object */;
			proxyType = 1;
			remoteGlobalIDString = 0FD0628F28358AD1007E7371;
			remoteInfo = "demo (iOS)";
		};
		0FD062AA28358AD1007E7371 /* PBXContainerItemProxy */ = {
			isa = PBXContainerItemProxy;
			containerPortal = 0FD0628428358ACE007E7371 /* Project object */;
			proxyType = 1;
			remoteGlobalIDString = 0FD0629528358AD1007E7371;
			remoteInfo = "demo (macOS)";
		};
/* End PBXContainerItemProxy section */

/* Begin PBXFileReference section */
		0FD0628928358ACE007E7371 /* demoApp.swift */ = {isa = PBXFileReference; lastKnownFileType = sourcecode.swift; path = demoApp.swift; sourceTree = "<group>"; };
		0FD0628A28358ACE007E7371 /* ContentView.swift */ = {isa = PBXFileReference; lastKnownFileType = sourcecode.swift; path = ContentView.swift; sourceTree = "<group>"; };
		0FD0628B28358AD1007E7371 /* Assets.xcassets */ = {isa = PBXFileReference; lastKnownFileType = folder.assetcatalog; path = Assets.xcassets; sourceTree = "<group>"; };
		0FD0629028358AD1007E7371 /* demo.app */ = {isa = PBXFileReference; explicitFileType = wrapper.application; includeInIndex = 0; path = demo.app; sourceTree = BUILT_PRODUCTS_DIR; };
		0FD0629628358AD1007E7371 /* demo.app */ = {isa = PBXFileReference; explicitFileType = wrapper.application; includeInIndex = 0; path = demo.app; sourceTree = BUILT_PRODUCTS_DIR; };
		0FD0629828358AD1007E7371 /* macOS.entitlements */ = {isa = PBXFileReference; lastKnownFileType = text.plist.entitlements; path = macOS.entitlements; sourceTree = "<group>"; };
		0FD0629D28358AD1007E7371 /* Tests iOS.xctest */ = {isa = PBXFileReference; explicitFileType = wrapper.cfbundle; includeInIndex = 0; path = "Tests iOS.xctest"; sourceTree = BUILT_PRODUCTS_DIR; };
		0FD062A128358AD1007E7371 /* Tests_iOS.swift */ = {isa = PBXFileReference; lastKnownFileType = sourcecode.swift; path = Tests_iOS.swift; sourceTree = "<group>"; };
		0FD062A328358AD1007E7371 /* Tests_iOSLaunchTests.swift */ = {isa = PBXFileReference; lastKnownFileType = sourcecode.swift; path = Tests_iOSLaunchTests.swift; sourceTree = "<group>"; };
		0FD062A928358AD1007E7371 /* Tests macOS.xctest */ = {isa = PBXFileReference; explicitFileType = wrapper.cfbundle; includeInIndex = 0; path = "Tests macOS.xctest"; sourceTree = BUILT_PRODUCTS_DIR; };
		0FD062AD28358AD1007E7371 /* Tests_macOS.swift */ = {isa = PBXFileReference; lastKnownFileType = sourcecode.swift; path = Tests_macOS.swift; sourceTree = "<group>"; };
		0FD062AF28358AD1007E7371 /* Tests_macOSLaunchTests.swift */ = {isa = PBXFileReference; lastKnownFileType = sourcecode.swift; path = Tests_macOSLaunchTests.swift; sourceTree = "<group>"; };
/* End PBXFileReference section */

/* Begin PBXFrameworksBuildPhase section */
		0FD0628D28358AD1007E7371 /* Frameworks */ = {
			isa = PBXFrameworksBuildPhase;
			buildActionMask = 2147483647;
			files = (
			);
			runOnlyForDeploymentPostprocessing = 0;
		};
		0FD0629328358AD1007E7371 /* Frameworks */ = {
			isa = PBXFrameworksBuildPhase;
			buildActionMask = 2147483647;
			files = (
			);
			runOnlyForDeploymentPostprocessing = 0;
		};
		0FD0629A28358AD1007E7371 /* Frameworks */ = {
			isa = PBXFrameworksBuildPhase;
			buildActionMask = 2147483647;
			files = (
			);
			runOnlyForDeploymentPostprocessing = 0;
		};
		0FD062A628358AD1007E7371 /* Frameworks */ = {
			isa = PBXFrameworksBuildPhase;
			buildActionMask = 2147483647;
			files = (
			);
			runOnlyForDeploymentPostprocessing = 0;
		};
/* End PBXFrameworksBuildPhase section */

/* Begin PBXGroup section */
		0FD0628328358ACE007E7371 = {
			isa = PBXGroup;
			children = (
				0FD0628828358ACE007E7371 /* Shared */,
				0FD0629728358AD1007E7371 /* macOS */,
				0FD062A028358AD1007E7371 /* Tests iOS */,
				0FD062AC28358AD1007E7371 /* Tests macOS */,
				0FD0629128358AD1007E7371 /* Products */,
			);
			sourceTree = "<group>";
		};
		0FD0628828358ACE007E7371 /* Shared */ = {
			isa = PBXGroup;
			children = (
				0FD0628928358ACE007E7371 /* demoApp.swift */,
				0FD0628A28358ACE007E7371 /* ContentView.swift */,
				0FD0628B28358AD1007E7371 /* Assets.xcassets */,
			);
			path = Shared;
			sourceTree = "<group>";
		};
		0FD0629128358AD1007E7371 /* Products */ = {
			isa = PBXGroup;
			children = (
				0FD0629028358AD1007E7371 /* demo.app */,
				0FD0629628358AD1007E7371 /* demo.app */,
				0FD0629D28358AD1007E7371 /* Tests iOS.xctest */,
				0FD062A928358AD1007E7371 /* Tests macOS.xctest */,
			);
			name = Products;
			sourceTree = "<group>";
		};
		0FD0629728358AD1007E7371 /* macOS */ = {
			isa = PBXGroup;
			children = (
				0FD0629828358AD1007E7371 /* macOS.entitlements */,
			);
			path = macOS;
			sourceTree = "<group>";
		};
		0FD062A028358AD1007E7371 /* Tests iOS */ = {
			isa = PBXGroup;
			children = (
				0FD062A128358AD1007E7371 /* Tests_iOS.swift */,
				0FD062A328358AD1007E7371 /* Tests_iOSLaunchTests.swift */,
			);
			path = "Tests iOS";
			sourceTree = "<group>";
		};
		0FD062AC28358AD1007E7371 /* Tests macOS */ = {
			isa = PBXGroup;
			children = (
				0FD062AD28358AD1007E7371 /* Tests_macOS.swift */,
				0FD062AF28358AD1007E7371 /* Tests_macOSLaunchTests.swift */,
			);
			path = "Tests macOS";
			sourceTree = "<group>";
		};
/* End PBXGroup section */

/* Begin PBXNativeTarget section */
		0FD0628F28358AD1007E7371 /* demo (iOS) */ = {
			isa = PBXNativeTarget;
			buildConfigurationList = 0FD062B928358AD1007E7371 /* Build configuration list for PBXNativeTarget "demo (iOS)" */;
			buildPhases = (
				0FD0628C28358AD1007E7371 /* Sources */,
				0FD0628D28358AD1007E7371 /* Frameworks */,
				0FD0628E28358AD1007E7371 /* Resources */,
			);
			buildRules = (
			);
			dependencies = (
			);
			name = "demo (iOS)";
			productName = "demo (iOS)";
			productReference = 0FD0629028358AD1007E7371 /* demo.app */;
			productType = "com.apple.product-type.application";
		};
		0FD0629528358AD1007E7371 /* demo (macOS) */ = {
			isa = PBXNativeTarget;
			buildConfigurationList = 0FD062BC28358AD1007E7371 /* Build configuration list for PBXNativeTarget "demo (macOS)" */;
			buildPhases = (
				0FD0629228358AD1007E7371 /* Sources */,
				0FD0629328358AD1007E7371 /* Frameworks */,
				0FD0629428358AD1007E7371 /* Resources */,
			);
			buildRules = (
			);
			dependencies = (
			);
			name = "demo (macOS)";
			productName = "demo (macOS)";
			productReference = 0FD0629628358AD1007E7371 /* demo.app */;
			productType = "com.apple.product-type.application";
		};
		0FD0629C28358AD1007E7371 /* Tests iOS */ = {
			isa = PBXNativeTarget;
			buildConfigurationList = 0FD062BF28358AD1007E7371 /* Build configuration list for PBXNativeTarget "Tests iOS" */;
			buildPhases = (
				0FD0629928358AD1007E7371 /* Sources */,
				0FD0629A28358AD1007E7371 /* Frameworks */,
				0FD0629B28358AD1007E7371 /* Resources */,
			);
			buildRules = (
			);
			dependencies = (
				0FD0629F28358AD1007E7371 /* PBXTargetDependency */,
			);
			name = "Tests iOS";
			productName = "Tests iOS";
			productReference = 0FD0629D28358AD1007E7371 /* Tests iOS.xctest */;
			productType = "com.apple.product-type.bundle.ui-testing";
		};
		0FD062A828358AD1007E7371 /* Tests macOS */ = {
			isa = PBXNativeTarget;
			buildConfigurationList = 0FD062C228358AD1007E7371 /* Build configuration list for PBXNativeTarget "Tests macOS" */;
			buildPhases = (
				0FD062A528358AD1007E7371 /* Sources */,
				0FD062A628358AD1007E7371 /* Frameworks */,
				0FD062A728358AD1007E7371 /* Resources */,
			);
			buildRules = (
			);
			dependencies = (
				0FD062AB28358AD1007E7371 /* PBXTargetDependency */,
			);
			name = "Tests macOS";
			productName = "Tests macOS";
			productReference = 0FD062A928358AD1007E7371 /* Tests macOS.xctest */;
			productType = "com.apple.product-type.bundle.ui-testing";
		};
/* End PBXNativeTarget section */

/* Begin PBXProject section */
		0FD0628428358ACE007E7371 /* Project object */ = {
			isa = PBXProject;
			attributes = {
				BuildIndependentTargetsInParallel = 1;
				LastSwiftUpdateCheck = 1340;
				LastUpgradeCheck = 1340;
				TargetAttributes = {
					0FD0628F28358AD1007E7371 = {
						CreatedOnToolsVersion = 13.4;
					};
					0FD0629528358AD1007E7371 = {
						CreatedOnToolsVersion = 13.4;
					};
					0FD0629C28358AD1007E7371 = {
						CreatedOnToolsVersion = 13.4;
						TestTargetID = 0FD0628F28358AD1007E7371;
					};
					0FD062A828358AD1007E7371 = {
						CreatedOnToolsVersion = 13.4;
						TestTargetID = 0FD0629528358AD1007E7371;
					};
				};
			};
			buildConfigurationList = 0FD0628728358ACE007E7371 /* Build configuration list for PBXProject "demo" */;
			compatibilityVersion = "Xcode 13.0";
			developmentRegion = en;
			hasScannedForEncodings = 0;
			knownRegions = (
				en,
				Base,
			);
			mainGroup = 0FD0628328358ACE007E7371;
			productRefGroup = 0FD0629128358AD1007E7371 /* Products */;
			projectDirPath = "";
			projectRoot = "";
			targets = (
				0FD0628F28358AD1007E7371 /* demo (iOS) */,
				0FD0629528358AD1007E7371 /* demo (macOS) */,
				0FD0629C28358AD1007E7371 /* Tests iOS */,
				0FD062A828358AD1007E7371 /* Tests macOS */,
			);
		};
/* End PBXProject section */

/* Begin PBXResourcesBuildPhase section */
		0FD0628E28358AD1007E7371 /* Resources */ = {
			isa = PBXResourcesBuildPhase;
			buildActionMask = 2147483647;
			files = (
				0FD062B528358AD1007E7371 /* Assets.xcassets in Resources */,
			);
			runOnlyForDeploymentPostprocessing = 0;
		};
		0FD0629428358AD1007E7371 /* Resources */ = {
			isa = PBXResourcesBuildPhase;
			buildActionMask = 2147483647;
			files = (
				0FD062B628358AD1007E7371 /* Assets.xcassets in Resources */,
			);
			runOnlyForDeploymentPostprocessing = 0;
		};
		0FD0629B28358AD1007E7371 /* Resources */ = {
			isa = PBXResourcesBuildPhase;
			buildActionMask = 2147483647;
			files = (
			);
			runOnlyForDeploymentPostprocessing = 0;
		};
		0FD062A728358AD1007E7371 /* Resources */ = {
			isa = PBXResourcesBuildPhase;
			buildActionMask = 2147483647;
			files = (
			);
			runOnlyForDeploymentPostprocessing = 0;
		};
/* End PBXResourcesBuildPhase section */

/* Begin PBXSourcesBuildPhase section */
		0FD0628C28358AD1007E7371 /* Sources */ = {
			isa = PBXSourcesBuildPhase;
			buildActionMask = 2147483647;
			files = (
				0FD062B328358AD1007E7371 /* ContentView.swift in Sources */,
				0FD062B128358AD1007E7371 /* demoApp.swift in Sources */,
			);
			runOnlyForDeploymentPostprocessing = 0;
		};
		0FD0629228358AD1007E7371 /* Sources */ = {
			isa = PBXSourcesBuildPhase;
			buildActionMask = 2147483647;
			files = (
				0FD062B428358AD1007E7371 /* ContentView.swift in Sources */,
				0FD062B228358AD1007E7371 /* demoApp.swift in Sources */,
			);
			runOnlyForDeploymentPostprocessing = 0;
		};
		0FD0629928358AD1007E7371 /* Sources */ = {
			isa = PBXSourcesBuildPhase;
			buildActionMask = 2147483647;
			files = (
				0FD062A428358AD1007E7371 /* Tests_iOSLaunchTests.swift in Sources */,
				0FD062A228358AD1007E7371 /* Tests_iOS.swift in Sources */,
			);
			runOnlyForDeploymentPostprocessing = 0;
		};
		0FD062A528358AD1007E7371 /* Sources */ = {
			isa = PBXSourcesBuildPhase;
			buildActionMask = 2147483647;
			files = (
				0FD062B028358AD1007E7371 /* Tests_macOSLaunchTests.swift in Sources */,
				0FD062AE28358AD1007E7371 /* Tests_macOS.swift in Sources */,
			);
			runOnlyForDeploymentPostprocessing = 0;
		};
/* End PBXSourcesBuildPhase section */

/* Begin PBXTargetDependency section */
		0FD0629F28358AD1007E7371 /* PBXTargetDependency */ = {
			isa = PBXTargetDependency;
			target = 0FD0628F28358AD1007E7371 /* demo (iOS) */;
			targetProxy = 0FD0629E28358AD1007E7371 /* PBXContainerItemProxy */;
		};
		0FD062AB28358AD1007E7371 /* PBXTargetDependency */ = {
			isa = PBXTargetDependency;
			target = 0FD0629528358AD1007E7371 /* demo (macOS) */;
			targetProxy = 0FD062AA28358AD1007E7371 /* PBXContainerItemProxy */;
		};
/* End PBXTargetDependency section */

/* Begin XCBuildConfiguration section */
		0FD062B728358AD1007E7371 /* Debug */ = {
			isa = XCBuildConfiguration;
			buildSettings = {
				ALWAYS_SEARCH_USER_PATHS = NO;
				CLANG_ANALYZER_NONNULL = YES;
				CLANG_ANALYZER_NUMBER_OBJECT_CONVERSION = YES_AGGRESSIVE;
				CLANG_CXX_LANGUAGE_STANDARD = "gnu++17";
				CLANG_ENABLE_MODULES = YES;
				CLANG_ENABLE_OBJC_ARC = YES;
				CLANG_ENABLE_OBJC_WEAK = YES;
				CLANG_WARN_BLOCK_CAPTURE_AUTORELEASING = YES;
				CLANG_WARN_BOOL_CONVERSION = YES;
				CLANG_WARN_COMMA = YES;
				CLANG_WARN_CONSTANT_CONVERSION = YES;
				CLANG_WARN_DEPRECATED_OBJC_IMPLEMENTATIONS = YES;
				CLANG_WARN_DIRECT_OBJC_ISA_USAGE = YES_ERROR;
				CLANG_WARN_DOCUMENTATION_COMMENTS = YES;
				CLANG_WARN_EMPTY_BODY = YES;
				CLANG_WARN_ENUM_CONVERSION = YES;
				CLANG_WARN_INFINITE_RECURSION = YES;
				CLANG_WARN_INT_CONVERSION = YES;
				CLANG_WARN_NON_LITERAL_NULL_CONVERSION = YES;
				CLANG_WARN_OBJC_IMPLICIT_RETAIN_SELF = YES;
				CLANG_WARN_OBJC_LITERAL_CONVERSION = YES;
				CLANG_WARN_OBJC_ROOT_CLASS = YES_ERROR;
				CLANG_WARN_QUOTED_INCLUDE_IN_FRAMEWORK_HEADER = YES;
				CLANG_WARN_RANGE_LOOP_ANALYSIS = YES;
				CLANG_WARN_STRICT_PROTOTYPES = YES;
				CLANG_WARN_SUSPICIOUS_MOVE = YES;
				CLANG_WARN_UNGUARDED_AVAILABILITY = YES_AGGRESSIVE;
				CLANG_WARN_UNREACHABLE_CODE = YES;
				CLANG_WARN__DUPLICATE_METHOD_MATCH = YES;
				COPY_PHASE_STRIP = NO;
				DEBUG_INFORMATION_FORMAT = dwarf;
				ENABLE_STRICT_OBJC_MSGSEND = YES;
				ENABLE_TESTABILITY = YES;
				GCC_C_LANGUAGE_STANDARD = gnu11;
				GCC_DYNAMIC_NO_PIC = NO;
				GCC_NO_COMMON_BLOCKS = YES;
				GCC_OPTIMIZATION_LEVEL = 0;
				GCC_PREPROCESSOR_DEFINITIONS = (
					"DEBUG=1",
					"$(inherited)",
				);
				GCC_WARN_64_TO_32_BIT_CONVERSION = YES;
				GCC_WARN_ABOUT_RETURN_TYPE = YES_ERROR;
				GCC_WARN_UNDECLARED_SELECTOR = YES;
				GCC_WARN_UNINITIALIZED_AUTOS = YES_AGGRESSIVE;
				GCC_WARN_UNUSED_FUNCTION = YES;
				GCC_WARN_UNUSED_VARIABLE = YES;
				MTL_ENABLE_DEBUG_INFO = INCLUDE_SOURCE;
				MTL_FAST_MATH = YES;
				ONLY_ACTIVE_ARCH = YES;
				SWIFT_ACTIVE_COMPILATION_CONDITIONS = DEBUG;
				SWIFT_OPTIMIZATION_LEVEL = "-Onone";
			};
			name = Debug;
		};
		0FD062B828358AD1007E7371 /* Release */ = {
			isa = XCBuildConfiguration;
			buildSettings = {
				ALWAYS_SEARCH_USER_PATHS = NO;
				CLANG_ANALYZER_NONNULL = YES;
				CLANG_ANALYZER_NUMBER_OBJECT_CONVERSION = YES_AGGRESSIVE;
				CLANG_CXX_LANGUAGE_STANDARD = "gnu++17";
				CLANG_ENABLE_MODULES = YES;
				CLANG_ENABLE_OBJC_ARC = YES;
				CLANG_ENABLE_OBJC_WEAK = YES;
				CLANG_WARN_BLOCK_CAPTURE_AUTORELEASING = YES;
				CLANG_WARN_BOOL_CONVERSION = YES;
				CLANG_WARN_COMMA = YES;
				CLANG_WARN_CONSTANT_CONVERSION = YES;
				CLANG_WARN_DEPRECATED_OBJC_IMPLEMENTATIONS = YES;
				CLANG_WARN_DIRECT_OBJC_ISA_USAGE = YES_ERROR;
				CLANG_WARN_DOCUMENTATION_COMMENTS = YES;
				CLANG_WARN_EMPTY_BODY = YES;
				CLANG_WARN_ENUM_CONVERSION = YES;
				CLANG_WARN_INFINITE_RECURSION = YES;
				CLANG_WARN_INT_CONVERSION = YES;
				CLANG_WARN_NON_LITERAL_NULL_CONVERSION = YES;
				CLANG_WARN_OBJC_IMPLICIT_RETAIN_SELF = YES;
				CLANG_WARN_OBJC_LITERAL_CONVERSION = YES;
				CLANG_WARN_OBJC_ROOT_CLASS = YES_ERROR;
				CLANG_WARN_QUOTED_INCLUDE_IN_FRAMEWORK_HEADER = YES;
				CLANG_WARN_RANGE_LOOP_ANALYSIS = YES;
				CLANG_WARN_STRICT_PROTOTYPES = YES;
				CLANG_WARN_SUSPICIOUS_MOVE = YES;
				CLANG_WARN_UNGUARDED_AVAILABILITY = YES_AGGRESSIVE;
				CLANG_WARN_UNREACHABLE_CODE = YES;
				CLANG_WARN__DUPLICATE_METHOD_MATCH = YES;
				COPY_PHASE_STRIP = NO;
				DEBUG_INFORMATION_FORMAT = "dwarf-with-dsym";
				ENABLE_NS_ASSERTIONS = NO;
				ENABLE_STRICT_OBJC_MSGSEND = YES;
				GCC_C_LANGUAGE_STANDARD = gnu11;
				GCC_NO_COMMON_BLOCKS = YES;
				GCC_WARN_64_TO_32_BIT_CONVERSION = YES;
				GCC_WARN_ABOUT_RETURN_TYPE = YES_ERROR;
				GCC_WARN_UNDECLARED_SELECTOR = YES;
				GCC_WARN_UNINITIALIZED_AUTOS = YES_AGGRESSIVE;
				GCC_WARN_UNUSED_FUNCTION = YES;
				GCC_WARN_UNUSED_VARIABLE = YES;
				MTL_ENABLE_DEBUG_INFO = NO;
				MTL_FAST_MATH = YES;
				SWIFT_COMPILATION_MODE = wholemodule;
				SWIFT_OPTIMIZATION_LEVEL = "-O";
			};
			name = Release;
		};
		0FD062BA28358AD1007E7371 /* Debug */ = {
			isa = XCBuildConfiguration;
			buildSettings = {
				ASSETCATALOG_COMPILER_APPICON_NAME = AppIcon;
				ASSETCATALOG_COMPILER_GLOBAL_ACCENT_COLOR_NAME = AccentColor;
				CODE_SIGN_STYLE = Automatic;
				CURRENT_PROJECT_VERSION = 1;
				ENABLE_PREVIEWS = YES;
				GENERATE_INFOPLIST_FILE = YES;
				INFOPLIST_KEY_UIApplicationSceneManifest_Generation = YES;
				INFOPLIST_KEY_UIApplicationSupportsIndirectInputEvents = YES;
				INFOPLIST_KEY_UILaunchScreen_Generation = YES;
				INFOPLIST_KEY_UISupportedInterfaceOrientations_iPad = "UIInterfaceOrientationPortrait UIInterfaceOrientationPortraitUpsideDown UIInterfaceOrientationLandscapeLeft UIInterfaceOrientationLandscapeRight";
				INFOPLIST_KEY_UISupportedInterfaceOrientations_iPhone = "UIInterfaceOrientationPortrait UIInterfaceOrientationLandscapeLeft UIInterfaceOrientationLandscapeRight";
				IPHONEOS_DEPLOYMENT_TARGET = 15.5;
				LD_RUNPATH_SEARCH_PATHS = (
					"$(inherited)",
					"@executable_path/Frameworks",
				);
				MARKETING_VERSION = 1.0;
				PRODUCT_BUNDLE_IDENTIFIER = fake.demo;
				PRODUCT_NAME = demo;
				SDKROOT = iphoneos;
				SWIFT_EMIT_LOC_STRINGS = YES;
				SWIFT_VERSION = 5.0;
				TARGETED_DEVICE_FAMILY = "1,2";
			};
			name = Debug;
		};
		0FD062BB28358AD1007E7371 /* Release */ = {
			isa = XCBuildConfiguration;
			buildSettings = {
				ASSETCATALOG_COMPILER_APPICON_NAME = AppIcon;
				ASSETCATALOG_COMPILER_GLOBAL_ACCENT_COLOR_NAME = AccentColor;
				CODE_SIGN_STYLE = Automatic;
				CURRENT_PROJECT_VERSION = 1;
				ENABLE_PREVIEWS = YES;
				GENERATE_INFOPLIST_FILE = YES;
				INFOPLIST_KEY_UIApplicationSceneManifest_Generation = YES;
				INFOPLIST_KEY_UIApplicationSupportsIndirectInputEvents = YES;
				INFOPLIST_KEY_UILaunchScreen_Generation = YES;
				INFOPLIST_KEY_UISupportedInterfaceOrientations_iPad = "UIInterfaceOrientationPortrait UIInterfaceOrientationPortraitUpsideDown UIInterfaceOrientationLandscapeLeft UIInterfaceOrientationLandscapeRight";
				INFOPLIST_KEY_UISupportedInterfaceOrientations_iPhone = "UIInterfaceOrientationPortrait UIInterfaceOrientationLandscapeLeft UIInterfaceOrientationLandscapeRight";
				IPHONEOS_DEPLOYMENT_TARGET = 15.5;
				LD_RUNPATH_SEARCH_PATHS = (
					"$(inherited)",
					"@executable_path/Frameworks",
				);
				MARKETING_VERSION = 1.0;
				PRODUCT_BUNDLE_IDENTIFIER = fake.demo;
				PRODUCT_NAME = demo;
				SDKROOT = iphoneos;
				SWIFT_EMIT_LOC_STRINGS = YES;
				SWIFT_VERSION = 5.0;
				TARGETED_DEVICE_FAMILY = "1,2";
				VALIDATE_PRODUCT = YES;
			};
			name = Release;
		};
		0FD062BD28358AD1007E7371 /* Debug */ = {
			isa = XCBuildConfiguration;
			buildSettings = {
				ASSETCATALOG_COMPILER_APPICON_NAME = AppIcon;
				ASSETCATALOG_COMPILER_GLOBAL_ACCENT_COLOR_NAME = AccentColor;
				CODE_SIGN_ENTITLEMENTS = macOS/macOS.entitlements;
				CODE_SIGN_STYLE = Automatic;
				COMBINE_HIDPI_IMAGES = YES;
				CURRENT_PROJECT_VERSION = 1;
				ENABLE_PREVIEWS = YES;
				GENERATE_INFOPLIST_FILE = YES;
				INFOPLIST_KEY_NSHumanReadableCopyright = "";
				LD_RUNPATH_SEARCH_PATHS = (
					"$(inherited)",
					"@executable_path/../Frameworks",
				);
				MACOSX_DEPLOYMENT_TARGET = 12.3;
				MARKETING_VERSION = 1.0;
				PRODUCT_BUNDLE_IDENTIFIER = fake.demo;
				PRODUCT_NAME = demo;
				SDKROOT = macosx;
				SWIFT_EMIT_LOC_STRINGS = YES;
				SWIFT_VERSION = 5.0;
			};
			name = Debug;
		};
		0FD062BE28358AD1007E7371 /* Release */ = {
			isa = XCBuildConfiguration;
			buildSettings = {
				ASSETCATALOG_COMPILER_APPICON_NAME = AppIcon;
				ASSETCATALOG_COMPILER_GLOBAL_ACCENT_COLOR_NAME = AccentColor;
				CODE_SIGN_ENTITLEMENTS = macOS/macOS.entitlements;
				CODE_SIGN_STYLE = Automatic;
				COMBINE_HIDPI_IMAGES = YES;
				CURRENT_PROJECT_VERSION = 1;
				ENABLE_PREVIEWS = YES;
				GENERATE_INFOPLIST_FILE = YES;
				INFOPLIST_KEY_NSHumanReadableCopyright = "";
				LD_RUNPATH_SEARCH_PATHS = (
					"$(inherited)",
					"@executable_path/../Frameworks",
				);
				MACOSX_DEPLOYMENT_TARGET = 12.3;
				MARKETING_VERSION = 1.0;
				PRODUCT_BUNDLE_IDENTIFIER = fake.demo;
				PRODUCT_NAME = demo;
				SDKROOT = macosx;
				SWIFT_EMIT_LOC_STRINGS = YES;
				SWIFT_VERSION = 5.0;
			};
			name = Release;
		};
		0FD062C028358AD1007E7371 /* Debug */ = {
			isa = XCBuildConfiguration;
			buildSettings = {
				ALWAYS_EMBED_SWIFT_STANDARD_LIBRARIES = YES;
				CODE_SIGN_STYLE = Automatic;
				CURRENT_PROJECT_VERSION = 1;
				GENERATE_INFOPLIST_FILE = YES;
				IPHONEOS_DEPLOYMENT_TARGET = 15.5;
				MARKETING_VERSION = 1.0;
				PRODUCT_BUNDLE_IDENTIFIER = "fake.Tests-iOS";
				PRODUCT_NAME = "$(TARGET_NAME)";
				SDKROOT = iphoneos;
				SWIFT_EMIT_LOC_STRINGS = NO;
				SWIFT_VERSION = 5.0;
				TARGETED_DEVICE_FAMILY = "1,2";
				TEST_TARGET_NAME = "demo (iOS)";
			};
			name = Debug;
		};
		0FD062C128358AD1007E7371 /* Release */ = {
			isa = XCBuildConfiguration;
			buildSettings = {
				ALWAYS_EMBED_SWIFT_STANDARD_LIBRARIES = YES;
				CODE_SIGN_STYLE = Automatic;
				CURRENT_PROJECT_VERSION = 1;
				GENERATE_INFOPLIST_FILE = YES;
				IPHONEOS_DEPLOYMENT_TARGET = 15.5;
				MARKETING_VERSION = 1.0;
				PRODUCT_BUNDLE_IDENTIFIER = "fake.Tests-iOS";
				PRODUCT_NAME = "$(TARGET_NAME)";
				SDKROOT = iphoneos;
				SWIFT_EMIT_LOC_STRINGS = NO;
				SWIFT_VERSION = 5.0;
				TARGETED_DEVICE_FAMILY = "1,2";
				TEST_TARGET_NAME = "demo (iOS)";
				VALIDATE_PRODUCT = YES;
			};
			name = Release;
		};
		0FD062C328358AD1007E7371 /* Debug */ = {
			isa = XCBuildConfiguration;
			buildSettings = {
				ALWAYS_EMBED_SWIFT_STANDARD_LIBRARIES = YES;
				CODE_SIGN_STYLE = Automatic;
				CURRENT_PROJECT_VERSION = 1;
				GENERATE_INFOPLIST_FILE = YES;
				MACOSX_DEPLOYMENT_TARGET = 12.3;
				MARKETING_VERSION = 1.0;
				PRODUCT_BUNDLE_IDENTIFIER = "fake.Tests-macOS";
				PRODUCT_NAME = "$(TARGET_NAME)";
				SDKROOT = macosx;
				SWIFT_EMIT_LOC_STRINGS = NO;
				SWIFT_VERSION = 5.0;
				TEST_TARGET_NAME = "demo (macOS)";
			};
			name = Debug;
		};
		0FD062C428358AD1007E7371 /* Release */ = {
			isa = XCBuildConfiguration;
			buildSettings = {
				ALWAYS_EMBED_SWIFT_STANDARD_LIBRARIES = YES;
				CODE_SIGN_STYLE = Automatic;
				CURRENT_PROJECT_VERSION = 1;
				GENERATE_INFOPLIST_FILE = YES;
				MACOSX_DEPLOYMENT_TARGET = 12.3;
				MARKETING_VERSION = 1.0;
				PRODUCT_BUNDLE_IDENTIFIER = "fake.Tests-macOS";
				PRODUCT_NAME = "$(TARGET_NAME)";
				SDKROOT = macosx;
				SWIFT_EMIT_LOC_STRINGS = NO;
				SWIFT_VERSION = 5.0;
				TEST_TARGET_NAME = "demo (macOS)";
			};
			name = Release;
		};
/* End XCBuildConfiguration section */

/* Begin XCConfigurationList section */
		0FD0628728358ACE007E7371 /* Build configuration list for PBXProject "demo" */ = {
			isa = XCConfigurationList;
			buildConfigurations = (
				0FD062B728358AD1007E7371 /* Debug */,
				0FD062B828358AD1007E7371 /* Release */,
			);
			defaultConfigurationIsVisible = 0;
			defaultConfigurationName = Release;
		};
		0FD062B928358AD1007E7371 /* Build configuration list for PBXNativeTarget "demo (iOS)" */ = {
			isa = XCConfigurationList;
			buildConfigurations = (
				0FD062BA28358AD1007E7371 /* Debug */,
				0FD062BB28358AD1007E7371 /* Release */,
			);
			defaultConfigurationIsVisible = 0;
			defaultConfigurationName = Release;
		};
		0FD062BC28358AD1007E7371 /* Build configuration list for PBXNativeTarget "demo (macOS)" */ = {
			isa = XCConfigurationList;
			buildConfigurations = (
				0FD062BD28358AD1007E7371 /* Debug */,
				0FD062BE28358AD1007E7371 /* Release */,
			);
			defaultConfigurationIsVisible = 0;
			defaultConfigurationName = Release;
		};
		0FD062BF28358AD1007E7371 /* Build configuration list for PBXNativeTarget "Tests iOS" */ = {
			isa = XCConfigurationList;
			buildConfigurations = (
				0FD062C028358AD1007E7371 /* Debug */,
				0FD062C128358AD1007E7371 /* Release */,
			);
			defaultConfigurationIsVisible = 0;
			defaultConfigurationName = Release;
		};
		0FD062C228358AD1007E7371 /* Build configuration list for PBXNativeTarget "Tests macOS" */ = {
			isa = XCConfigurationList;
			buildConfigurations = (
				0FD062C328358AD1007E7371 /* Debug */,
				0FD062C428358AD1007E7371 /* Release */,
			);
			defaultConfigurationIsVisible = 0;
			defaultConfigurationName = Release;
		};
/* End XCConfigurationList section */
	};
	rootObject = 0FD0628428358ACE007E7371 /* Project object */;
}
